
Microsoft Visual Studio Solution File, Format Version 12.00
# Visual Studio Version 17
VisualStudioVersion = 17.7.34202.233
MinimumVisualStudioVersion = 10.0.40219.1
Project("{FAE04EC0-301F-11D3-BF4B-00C04F79EFBC}") = "testProstokayt", "testProstokayt\testProstokayt.csproj", "{C5066766-1D26-4CB9-B8E8-D43AD1985816}"
EndProject
Global
	GlobalSection(SolutionConfigurationPlatforms) = preSolution
		Debug|Any CPU = Debug|Any CPU
		Release|Any CPU = Release|Any CPU
	EndGlobalSection
	GlobalSection(ProjectConfigurationPlatforms) = postSolution
		{C5066766-1D26-4CB9-B8E8-D43AD1985816}.Debug|Any CPU.ActiveCfg = Debug|Any CPU
		{C5066766-1D26-4CB9-B8E8-D43AD1985816}.Debug|Any CPU.Build.0 = Debug|Any CPU
		{C5066766-1D26-4CB9-B8E8-D43AD1985816}.Release|Any CPU.ActiveCfg = Release|Any CPU
		{C5066766-1D26-4CB9-B8E8-D43AD1985816}.Release|Any CPU.Build.0 = Release|Any CPU
	EndGlobalSection
	GlobalSection(SolutionProperties) = preSolution
		HideSolutionNode = FALSE
	EndGlobalSection
	GlobalSection(ExtensibilityGlobals) = postSolution
		SolutionGuid = {08229D4E-1314-4C07-BA41-F92254314041}
	EndGlobalSection
EndGlobal
